
Microsoft Visual Studio Solution File, Format Version 12.00
# Visual Studio 15
VisualStudioVersion = 15.0.27130.2010
MinimumVisualStudioVersion = 10.0.40219.1
Project("{FAE04EC0-301F-11D3-BF4B-00C04F79EFBC}") = "GUI_testing", "GUI_testing\GUI_testing.csproj", "{EEDB813D-F288-4BF2-8537-42DC36531D0D}"
EndProject
Project("{FAE04EC0-301F-11D3-BF4B-00C04F79EFBC}") = "TestingProgramBusinessLogic", "TestingProgramBusinessLogic\TestingProgramBusinessLogic.csproj", "{19B88C40-77EA-4D44-B2C5-7099E80BCA1F}"
EndProject
Project("{FAE04EC0-301F-11D3-BF4B-00C04F79EFBC}") = "TestingProgram.Data", "TestingProgram.Data\TestingProgram.Data.csproj", "{AD9DF5E5-2CAD-4182-B61D-C20AA7C484DD}"
EndProject
Global
	GlobalSection(SolutionConfigurationPlatforms) = preSolution
		Debug|Any CPU = Debug|Any CPU
		Release|Any CPU = Release|Any CPU
	EndGlobalSection
	GlobalSection(ProjectConfigurationPlatforms) = postSolution
		{EEDB813D-F288-4BF2-8537-42DC36531D0D}.Debug|Any CPU.ActiveCfg = Debug|Any CPU
		{EEDB813D-F288-4BF2-8537-42DC36531D0D}.Debug|Any CPU.Build.0 = Debug|Any CPU
		{EEDB813D-F288-4BF2-8537-42DC36531D0D}.Release|Any CPU.ActiveCfg = Release|Any CPU
		{EEDB813D-F288-4BF2-8537-42DC36531D0D}.Release|Any CPU.Build.0 = Release|Any CPU
		{19B88C40-77EA-4D44-B2C5-7099E80BCA1F}.Debug|Any CPU.ActiveCfg = Debug|Any CPU
		{19B88C40-77EA-4D44-B2C5-7099E80BCA1F}.Debug|Any CPU.Build.0 = Debug|Any CPU
		{19B88C40-77EA-4D44-B2C5-7099E80BCA1F}.Release|Any CPU.ActiveCfg = Release|Any CPU
		{19B88C40-77EA-4D44-B2C5-7099E80BCA1F}.Release|Any CPU.Build.0 = Release|Any CPU
		{AD9DF5E5-2CAD-4182-B61D-C20AA7C484DD}.Debug|Any CPU.ActiveCfg = Debug|Any CPU
		{AD9DF5E5-2CAD-4182-B61D-C20AA7C484DD}.Debug|Any CPU.Build.0 = Debug|Any CPU
		{AD9DF5E5-2CAD-4182-B61D-C20AA7C484DD}.Release|Any CPU.ActiveCfg = Release|Any CPU
		{AD9DF5E5-2CAD-4182-B61D-C20AA7C484DD}.Release|Any CPU.Build.0 = Release|Any CPU
	EndGlobalSection
	GlobalSection(SolutionProperties) = preSolution
		HideSolutionNode = FALSE
	EndGlobalSection
	GlobalSection(ExtensibilityGlobals) = postSolution
		SolutionGuid = {A6A8BA75-13AF-4F61-86CC-3A4CCC4C427B}
		VSCustomBkgrdPaint = True
		VSUseSystemFonts = False
		VSSkinToggleButtons = True
		VSSkinFlatStyles = True
		VSTextShadow = True
		VSToolStripStyle = Mixed
		VSTargetControls = FormsAndControls
		VSStyle = Kupo XP 2 Green (Normal).vssf
	EndGlobalSection
EndGlobal
